{
  "name": "snapdrop",
  "version": "1.0.0",
  "lockfileVersion": 3,
  "requires": true,
  "packages": {
    "": {
      "name": "snapdrop",
      "version": "1.0.0",
      "license": "ISC",
      "dependencies": {
        "ua-parser-js": "^0.7.24",
        "ws": "^7.4.6"
      }
    },
    "node_modules/ua-parser-js": {
      "version": "0.7.41",
      "resolved": "https://registry.npmjs.org/ua-parser-js/-/ua-parser-js-0.7.41.tgz",
      "integrity": "sha512-O3oYyCMPYgNNHuO7Jjk3uacJWZF8loBgwrfd/5LE/HyZ3lUIOdniQ7DNXJcIgZbwioZxk0fLfI4EVnetdiX5jg==",
      "funding": [
        {
          "type": "opencollective",
          "url": "https://opencollective.com/ua-parser-js"
        },
        {
          "type": "paypal",
          "url": "https://paypal.me/faisalman"
        },
        {
          "type": "github",
          "url": "https://github.com/sponsors/faisalman"
        }
      ],
      "bin": {
        "ua-parser-js": "script/cli.js"
      },
      "engines": {
        "node": "*"
      }
    },
    "node_modules/ws": {
      "version": "7.5.13",
      "resolved": "https://registry.npmjs.org/ws/-/ws-7.5.13.tgz",
      "integrity": "sha512-rsKI6xDBFVf4r/x8XyChGK04QR/XHroxs/jUcoWvtEZM8TPU/X/uIY9B1CsSzYws9ZJb/6bbBu7dPhFW00CAoA==",
      "engines": {
        "node": ">=8.3.0"
      },
      "peerDependencies": {
        "bufferutil": "^4.0.1",
        "utf-8-validate": "^5.0.2"
      },
      "peerDependenciesMeta": {
        "bufferutil": {
          "optional": true
        },
        "utf-8-validate": {
          "optional": true
        }
      }
    }
  }
}
